PODS:
  - DACircularProgress (2.2.0)
  - FCUtilities (0.1.0)
  - libHN (4.0.2)
  - MCSwipeTableViewCell (2.1.2)
  - NYSegmentedControl (1.0.3)
  - PBWebViewController (0.3)
  - SSPullToRefresh (1.2.2)
  - SVProgressHUD (HEAD based on 1.1.3)
  - SVPullToRefresh (HEAD based on 0.4.1)
  - TTTAttributedLabel (1.13.2)
  - ZFDragableModalTransition (0.5.1)

DEPENDENCIES:
  - DACircularProgress
  - FCUtilities (from `https://github.com/marcoarment/FCUtilities.git`)
  - libHN
  - MCSwipeTableViewCell
  - NYSegmentedControl
  - PBWebViewController
  - SSPullToRefresh
  - SVProgressHUD (HEAD)
  - SVPullToRefresh (HEAD)
  - TTTAttributedLabel
  - ZFDragableModalTransition

EXTERNAL SOURCES:
  FCUtilities:
    :git: https://github.com/marcoarment/FCUtilities.git

CHECKOUT OPTIONS:
  FCUtilities:
    :commit: 84cb4e60e945bda129a5b9e752f4544ebff6ae6f
    :git: https://github.com/marcoarment/FCUtilities.git

SPEC CHECKSUMS:
  DACircularProgress: 0f92b77239d5f3c612fc66185e2998391ac8e054
  FCUtilities: d0f0da2640a643bb319c3ef58e9c43530fcbc521
  libHN: 00edb36294ec0bc40faff1801024099182bbdc9d
  MCSwipeTableViewCell: 0fc22bd3635b9b5f4ce08675218b0a7278b6440f
  NYSegmentedControl: c24774be62ed17442595d33f74e6eb23bcff3412
  PBWebViewController: 909b1505da6ba7c5c82519a6457246027926061e
  SSPullToRefresh: 699d592f8e4264edc36b20b49d60f25eeb5fb77d
  SVProgressHUD: 748080e4f36e603f6c02aec292664239df5279c1
  SVPullToRefresh: ba2e718695a43253d8bea6852d2960097dc15d8c
  TTTAttributedLabel: 2ba85bee473885c2aada2bdfec584d39f1869338
  ZFDragableModalTransition: 048189eda437f91944ce6d5151618b8bf770196d

COCOAPODS: 0.36.0.beta.1
